// !$*UTF8*$!
{
	archiveVersion = 1;
	classes = {
	};
	objectVersion = 46;
	objects = {

/* Begin PBXBuildFile section */
		1CE28FDE1D196D2B00C1DBE8 /* AppDelegate.swift in Sources */ = {isa = PBXBuildFile; fileRef = 1CE28FDD1D196D2B00C1DBE8 /* AppDelegate.swift */; };
		1CE28FE01D196D2B00C1DBE8 /* MasterViewController.swift in Sources */ = {isa = PBXBuildFile; fileRef = 1CE28FDF1D196D2B00C1DBE8 /* MasterViewController.swift */; };
		1CE28FE21D196D2B00C1DBE8 /* DetailViewController.swift in Sources */ = {isa = PBXBuildFile; fileRef = 1CE28FE11D196D2B00C1DBE8 /* DetailViewController.swift */; };
		1CE28FE51D196D2B00C1DBE8 /* Main.storyboard in Resources */ = {isa = PBXBuildFile; fileRef = 1CE28FE31D196D2B00C1DBE8 /* Main.storyboard */; };
		1CE28FE71D196D2B00C1DBE8 /* Assets.xcassets in Resources */ = {isa = PBXBuildFile; fileRef = 1CE28FE61D196D2B00C1DBE8 /* Assets.xcassets */; };
		1CE28FEA1D196D2B00C1DBE8 /* LaunchScreen.storyboard in Resources */ = {isa = PBXBuildFile; fileRef = 1CE28FE81D196D2B00C1DBE8 /* LaunchScreen.storyboard */; };
		1CE28FF51D196D2B00C1DBE8 /* Captain_BookTests.swift in Sources */ = {isa = PBXBuildFile; fileRef = 1CE28FF41D196D2B00C1DBE8 /* Captain_BookTests.swift */; };
		1CE290001D196D2B00C1DBE8 /* Captain_BookUITests.swift in Sources */ = {isa = PBXBuildFile; fileRef = 1CE28FFF1D196D2B00C1DBE8 /* Captain_BookUITests.swift */; };
		1CE2900E1D196D4B00C1DBE8 /* Book.swift in Sources */ = {isa = PBXBuildFile; fileRef = 1CE2900D1D196D4B00C1DBE8 /* Book.swift */; };
		1CE290101D196D9500C1DBE8 /* BookStore.swift in Sources */ = {isa = PBXBuildFile; fileRef = 1CE2900F1D196D9500C1DBE8 /* BookStore.swift */; };
/* End PBXBuildFile section */

/* Begin PBXContainerItemProxy section */
		1CE28FF11D196D2B00C1DBE8 /* PBXContainerItemProxy */ = {
			isa = PBXContainerItemProxy;
			containerPortal = 1CE28FD21D196D2B00C1DBE8 /* Project object */;
			proxyType = 1;
			remoteGlobalIDString = 1CE28FD91D196D2B00C1DBE8;
			remoteInfo = "Captain Book";
		};
		1CE28FFC1D196D2B00C1DBE8 /* PBXContainerItemProxy */ = {
			isa = PBXContainerItemProxy;
			containerPortal = 1CE28FD21D196D2B00C1DBE8 /* Project object */;
			proxyType = 1;
			remoteGlobalIDString = 1CE28FD91D196D2B00C1DBE8;
			remoteInfo = "Captain Book";
		};
/* End PBXContainerItemProxy section */

/* Begin PBXFileReference section */
		1CE28FDA1D196D2B00C1DBE8 /* Captain Book.app */ = {isa = PBXFileReference; explicitFileType = wrapper.application; includeInIndex = 0; path = "Captain Book.app"; sourceTree = BUILT_PRODUCTS_DIR; };
		1CE28FDD1D196D2B00C1DBE8 /* AppDelegate.swift */ = {isa = PBXFileReference; lastKnownFileType = sourcecode.swift; path = AppDelegate.swift; sourceTree = "<group>"; };
		1CE28FDF1D196D2B00C1DBE8 /* MasterViewController.swift */ = {isa = PBXFileReference; lastKnownFileType = sourcecode.swift; path = MasterViewController.swift; sourceTree = "<group>"; };
		1CE28FE11D196D2B00C1DBE8 /* DetailViewController.swift */ = {isa = PBXFileReference; lastKnownFileType = sourcecode.swift; path = DetailViewController.swift; sourceTree = "<group>"; };
		1CE28FE41D196D2B00C1DBE8 /* Base */ = {isa = PBXFileReference; lastKnownFileType = file.storyboard; name = Base; path = Base.lproj/Main.storyboard; sourceTree = "<group>"; };
		1CE28FE61D196D2B00C1DBE8 /* Assets.xcassets */ = {isa = PBXFileReference; lastKnownFileType = folder.assetcatalog; path = Assets.xcassets; sourceTree = "<group>"; };
		1CE28FE91D196D2B00C1DBE8 /* Base */ = {isa = PBXFileReference; lastKnownFileType = file.storyboard; name = Base; path = Base.lproj/LaunchScreen.storyboard; sourceTree = "<group>"; };
		1CE28FEB1D196D2B00C1DBE8 /* Info.plist */ = {isa = PBXFileReference; lastKnownFileType = text.plist.xml; path = Info.plist; sourceTree = "<group>"; };
		1CE28FF01D196D2B00C1DBE8 /* Captain BookTests.xctest */ = {isa = PBXFileReference; explicitFileType = wrapper.cfbundle; includeInIndex = 0; path = "Captain BookTests.xctest"; sourceTree = BUILT_PRODUCTS_DIR; };
		1CE28FF41D196D2B00C1DBE8 /* Captain_BookTests.swift */ = {isa = PBXFileReference; lastKnownFileType = sourcecode.swift; path = Captain_BookTests.swift; sourceTree = "<group>"; };
		1CE28FF61D196D2B00C1DBE8 /* Info.plist */ = {isa = PBXFileReference; lastKnownFileType = text.plist.xml; path = Info.plist; sourceTree = "<group>"; };
		1CE28FFB1D196D2B00C1DBE8 /* Captain BookUITests.xctest */ = {isa = PBXFileReference; explicitFileType = wrapper.cfbundle; includeInIndex = 0; path = "Captain BookUITests.xctest"; sourceTree = BUILT_PRODUCTS_DIR; };
		1CE28FFF1D196D2B00C1DBE8 /* Captain_BookUITests.swift */ = {isa = PBXFileReference; lastKnownFileType = sourcecode.swift; path = Captain_BookUITests.swift; sourceTree = "<group>"; };
		1CE290011D196D2B00C1DBE8 /* Info.plist */ = {isa = PBXFileReference; lastKnownFileType = text.plist.xml; path = Info.plist; sourceTree = "<group>"; };
		1CE2900D1D196D4B00C1DBE8 /* Book.swift */ = {isa = PBXFileReference; fileEncoding = 4; lastKnownFileType = sourcecode.swift; name = Book.swift; path = "Captain Book/Book.swift"; sourceTree = "<group>"; };
		1CE2900F1D196D9500C1DBE8 /* BookStore.swift */ = {isa = PBXFileReference; fileEncoding = 4; lastKnownFileType = sourcecode.swift; path = BookStore.swift; sourceTree = "<group>"; };
/* End PBXFileReference section */

/* Begin PBXFrameworksBuildPhase section */
		1CE28FD71D196D2B00C1DBE8 /* Frameworks */ = {
			isa = PBXFrameworksBuildPhase;
			buildActionMask = 2147483647;
			files = (
			);
			runOnlyForDeploymentPostprocessing = 0;
		};
		1CE28FED1D196D2B00C1DBE8 /* Frameworks */ = {
			isa = PBXFrameworksBuildPhase;
			buildActionMask = 2147483647;
			files = (
			);
			runOnlyForDeploymentPostprocessing = 0;
		};
		1CE28FF81D196D2B00C1DBE8 /* Frameworks */ = {
			isa = PBXFrameworksBuildPhase;
			buildActionMask = 2147483647;
			files = (
			);
			runOnlyForDeploymentPostprocessing = 0;
		};
/* End PBXFrameworksBuildPhase section */

/* Begin PBXGroup section */
		1CE28FD11D196D2B00C1DBE8 = {
			isa = PBXGroup;
			children = (
				1CE2900D1D196D4B00C1DBE8 /* Book.swift */,
				1CE2900F1D196D9500C1DBE8 /* BookStore.swift */,
				1CE28FDC1D196D2B00C1DBE8 /* Captain Book */,
				1CE28FF31D196D2B00C1DBE8 /* Captain BookTests */,
				1CE28FFE1D196D2B00C1DBE8 /* Captain BookUITests */,
				1CE28FDB1D196D2B00C1DBE8 /* Products */,
			);
			sourceTree = "<group>";
		};
		1CE28FDB1D196D2B00C1DBE8 /* Products */ = {
			isa = PBXGroup;
			children = (
				1CE28FDA1D196D2B00C1DBE8 /* Captain Book.app */,
				1CE28FF01D196D2B00C1DBE8 /* Captain BookTests.xctest */,
				1CE28FFB1D196D2B00C1DBE8 /* Captain BookUITests.xctest */,
			);
			name = Products;
			sourceTree = "<group>";
		};
		1CE28FDC1D196D2B00C1DBE8 /* Captain Book */ = {
			isa = PBXGroup;
			children = (
				1CE28FDD1D196D2B00C1DBE8 /* AppDelegate.swift */,
				1CE28FDF1D196D2B00C1DBE8 /* MasterViewController.swift */,
				1CE28FE11D196D2B00C1DBE8 /* DetailViewController.swift */,
				1CE28FE31D196D2B00C1DBE8 /* Main.storyboard */,
				1CE28FE61D196D2B00C1DBE8 /* Assets.xcassets */,
				1CE28FE81D196D2B00C1DBE8 /* LaunchScreen.storyboard */,
				1CE28FEB1D196D2B00C1DBE8 /* Info.plist */,
			);
			path = "Captain Book";
			sourceTree = "<group>";
		};
		1CE28FF31D196D2B00C1DBE8 /* Captain BookTests */ = {
			isa = PBXGroup;
			children = (
				1CE28FF41D196D2B00C1DBE8 /* Captain_BookTests.swift */,
				1CE28FF61D196D2B00C1DBE8 /* Info.plist */,
			);
			path = "Captain BookTests";
			sourceTree = "<group>";
		};
		1CE28FFE1D196D2B00C1DBE8 /* Captain BookUITests */ = {
			isa = PBXGroup;
			children = (
				1CE28FFF1D196D2B00C1DBE8 /* Captain_BookUITests.swift */,
				1CE290011D196D2B00C1DBE8 /* Info.plist */,
			);
			path = "Captain BookUITests";
			sourceTree = "<group>";
		};
/* End PBXGroup section */

/* Begin PBXNativeTarget section */
		1CE28FD91D196D2B00C1DBE8 /* Captain Book */ = {
			isa = PBXNativeTarget;
			buildConfigurationList = 1CE290041D196D2B00C1DBE8 /* Build configuration list for PBXNativeTarget "Captain Book" */;
			buildPhases = (
				1CE28FD61D196D2B00C1DBE8 /* Sources */,
				1CE28FD71D196D2B00C1DBE8 /* Frameworks */,
				1CE28FD81D196D2B00C1DBE8 /* Resources */,
			);
			buildRules = (
			);
			dependencies = (
			);
			name = "Captain Book";
			productName = "Captain Book";
			productReference = 1CE28FDA1D196D2B00C1DBE8 /* Captain Book.app */;
			productType = "com.apple.product-type.application";
		};
		1CE28FEF1D196D2B00C1DBE8 /* Captain BookTests */ = {
			isa = PBXNativeTarget;
			buildConfigurationList = 1CE290071D196D2B00C1DBE8 /* Build configuration list for PBXNativeTarget "Captain BookTests" */;
			buildPhases = (
				1CE28FEC1D196D2B00C1DBE8 /* Sources */,
				1CE28FED1D196D2B00C1DBE8 /* Frameworks */,
				1CE28FEE1D196D2B00C1DBE8 /* Resources */,
			);
			buildRules = (
			);
			dependencies = (
				1CE28FF21D196D2B00C1DBE8 /* PBXTargetDependency */,
			);
			name = "Captain BookTests";
			productName = "Captain BookTests";
			productReference = 1CE28FF01D196D2B00C1DBE8 /* Captain BookTests.xctest */;
			productType = "com.apple.product-type.bundle.unit-test";
		};
		1CE28FFA1D196D2B00C1DBE8 /* Captain BookUITests */ = {
			isa = PBXNativeTarget;
			buildConfigurationList = 1CE2900A1D196D2B00C1DBE8 /* Build configuration list for PBXNativeTarget "Captain BookUITests" */;
			buildPhases = (
				1CE28FF71D196D2B00C1DBE8 /* Sources */,
				1CE28FF81D196D2B00C1DBE8 /* Frameworks */,
				1CE28FF91D196D2B00C1DBE8 /* Resources */,
			);
			buildRules = (
			);
			dependencies = (
				1CE28FFD1D196D2B00C1DBE8 /* PBXTargetDependency */,
			);
			name = "Captain BookUITests";
			productName = "Captain BookUITests";
			productReference = 1CE28FFB1D196D2B00C1DBE8 /* Captain BookUITests.xctest */;
			productType = "com.apple.product-type.bundle.ui-testing";
		};
/* End PBXNativeTarget section */

/* Begin PBXProject section */
		1CE28FD21D196D2B00C1DBE8 /* Project object */ = {
			isa = PBXProject;
			attributes = {
				LastSwiftUpdateCheck = 0720;
				LastUpgradeCheck = 0720;
				ORGANIZATIONNAME = "Maeva Aoigami";
				TargetAttributes = {
					1CE28FD91D196D2B00C1DBE8 = {
						CreatedOnToolsVersion = 7.2.1;
					};
					1CE28FEF1D196D2B00C1DBE8 = {
						CreatedOnToolsVersion = 7.2.1;
						TestTargetID = 1CE28FD91D196D2B00C1DBE8;
					};
					1CE28FFA1D196D2B00C1DBE8 = {
						CreatedOnToolsVersion = 7.2.1;
						TestTargetID = 1CE28FD91D196D2B00C1DBE8;
					};
				};
			};
			buildConfigurationList = 1CE28FD51D196D2B00C1DBE8 /* Build configuration list for PBXProject "Captain Book" */;
			compatibilityVersion = "Xcode 3.2";
			developmentRegion = English;
			hasScannedForEncodings = 0;
			knownRegions = (
				en,
				Base,
			);
			mainGroup = 1CE28FD11D196D2B00C1DBE8;
			productRefGroup = 1CE28FDB1D196D2B00C1DBE8 /* Products */;
			projectDirPath = "";
			projectRoot = "";
			targets = (
				1CE28FD91D196D2B00C1DBE8 /* Captain Book */,
				1CE28FEF1D196D2B00C1DBE8 /* Captain BookTests */,
				1CE28FFA1D196D2B00C1DBE8 /* Captain BookUITests */,
			);
		};
/* End PBXProject section */

/* Begin PBXResourcesBuildPhase section */
		1CE28FD81D196D2B00C1DBE8 /* Resources */ = {
			isa = PBXResourcesBuildPhase;
			buildActionMask = 2147483647;
			files = (
				1CE28FEA1D196D2B00C1DBE8 /* LaunchScreen.storyboard in Resources */,
				1CE28FE71D196D2B00C1DBE8 /* Assets.xcassets in Resources */,
				1CE28FE51D196D2B00C1DBE8 /* Main.storyboard in Resources */,
			);
			runOnlyForDeploymentPostprocessing = 0;
		};
		1CE28FEE1D196D2B00C1DBE8 /* Resources */ = {
			isa = PBXResourcesBuildPhase;
			buildActionMask = 2147483647;
			files = (
			);
			runOnlyForDeploymentPostprocessing = 0;
		};
		1CE28FF91D196D2B00C1DBE8 /* Resources */ = {
			isa = PBXResourcesBuildPhase;
			buildActionMask = 2147483647;
			files = (
			);
			runOnlyForDeploymentPostprocessing = 0;
		};
/* End PBXResourcesBuildPhase section */

/* Begin PBXSourcesBuildPhase section */
		1CE28FD61D196D2B00C1DBE8 /* Sources */ = {
			isa = PBXSourcesBuildPhase;
			buildActionMask = 2147483647;
			files = (
				1CE2900E1D196D4B00C1DBE8 /* Book.swift in Sources */,
				1CE28FE21D196D2B00C1DBE8 /* DetailViewController.swift in Sources */,
				1CE28FE01D196D2B00C1DBE8 /* MasterViewController.swift in Sources */,
				1CE290101D196D9500C1DBE8 /* BookStore.swift in Sources */,
				1CE28FDE1D196D2B00C1DBE8 /* AppDelegate.swift in Sources */,
			);
			runOnlyForDeploymentPostprocessing = 0;
		};
		1CE28FEC1D196D2B00C1DBE8 /* Sources */ = {
			isa = PBXSourcesBuildPhase;
			buildActionMask = 2147483647;
			files = (
				1CE28FF51D196D2B00C1DBE8 /* Captain_BookTests.swift in Sources */,
			);
			runOnlyForDeploymentPostprocessing = 0;
		};
		1CE28FF71D196D2B00C1DBE8 /* Sources */ = {
			isa = PBXSourcesBuildPhase;
			buildActionMask = 2147483647;
			files = (
				1CE290001D196D2B00C1DBE8 /* Captain_BookUITests.swift in Sources */,
			);
			runOnlyForDeploymentPostprocessing = 0;
		};
/* End PBXSourcesBuildPhase section */

/* Begin PBXTargetDependency section */
		1CE28FF21D196D2B00C1DBE8 /* PBXTargetDependency */ = {
			isa = PBXTargetDependency;
			target = 1CE28FD91D196D2B00C1DBE8 /* Captain Book */;
			targetProxy = 1CE28FF11D196D2B00C1DBE8 /* PBXContainerItemProxy */;
		};
		1CE28FFD1D196D2B00C1DBE8 /* PBXTargetDependency */ = {
			isa = PBXTargetDependency;
			target = 1CE28FD91D196D2B00C1DBE8 /* Captain Book */;
			targetProxy = 1CE28FFC1D196D2B00C1DBE8 /* PBXContainerItemProxy */;
		};
/* End PBXTargetDependency section */

/* Begin PBXVariantGroup section */
		1CE28FE31D196D2B00C1DBE8 /* Main.storyboard */ = {
			isa = PBXVariantGroup;
			children = (
				1CE28FE41D196D2B00C1DBE8 /* Base */,
			);
			name = Main.storyboard;
			sourceTree = "<group>";
		};
		1CE28FE81D196D2B00C1DBE8 /* LaunchScreen.storyboard */ = {
			isa = PBXVariantGroup;
			children = (
				1CE28FE91D196D2B00C1DBE8 /* Base */,
			);
			name = LaunchScreen.storyboard;
			sourceTree = "<group>";
		};
/* End PBXVariantGroup section */

/* Begin XCBuildConfiguration section */
		1CE290021D196D2B00C1DBE8 /* Debug */ = {
			isa = XCBuildConfiguration;
			buildSettings = {
				ALWAYS_SEARCH_USER_PATHS = NO;
				CLANG_CXX_LANGUAGE_STANDARD = "gnu++0x";
				CLANG_CXX_LIBRARY = "libc++";
				CLANG_ENABLE_MODULES = YES;
				CLANG_ENABLE_OBJC_ARC = YES;
				CLANG_WARN_BOOL_CONVERSION = YES;
				CLANG_WARN_CONSTANT_CONVERSION = YES;
				CLANG_WARN_DIRECT_OBJC_ISA_USAGE = YES_ERROR;
				CLANG_WARN_EMPTY_BODY = YES;
				CLANG_WARN_ENUM_CONVERSION = YES;
				CLANG_WARN_INT_CONVERSION = YES;
				CLANG_WARN_OBJC_ROOT_CLASS = YES_ERROR;
				CLANG_WARN_UNREACHABLE_CODE = YES;
				CLANG_WARN__DUPLICATE_METHOD_MATCH = YES;
				"CODE_SIGN_IDENTITY[sdk=iphoneos*]" = "iPhone Developer";
				COPY_PHASE_STRIP = NO;
				DEBUG_INFORMATION_FORMAT = dwarf;
				ENABLE_STRICT_OBJC_MSGSEND = YES;
				ENABLE_TESTABILITY = YES;
				GCC_C_LANGUAGE_STANDARD = gnu99;
				GCC_DYNAMIC_NO_PIC = NO;
				GCC_NO_COMMON_BLOCKS = YES;
				GCC_OPTIMIZATION_LEVEL = 0;
				GCC_PREPROCESSOR_DEFINITIONS = (
					"DEBUG=1",
					"$(inherited)",
				);
				GCC_WARN_64_TO_32_BIT_CONVERSION = YES;
				GCC_WARN_ABOUT_RETURN_TYPE = YES_ERROR;
				GCC_WARN_UNDECLARED_SELECTOR = YES;
				GCC_WARN_UNINITIALIZED_AUTOS = YES_AGGRESSIVE;
				GCC_WARN_UNUSED_FUNCTION = YES;
				GCC_WARN_UNUSED_VARIABLE = YES;
				IPHONEOS_DEPLOYMENT_TARGET = 9.2;
				MTL_ENABLE_DEBUG_INFO = YES;
				ONLY_ACTIVE_ARCH = YES;
				SDKROOT = iphoneos;
				SWIFT_OPTIMIZATION_LEVEL = "-Onone";
			};
			name = Debug;
		};
		1CE290031D196D2B00C1DBE8 /* Release */ = {
			isa = XCBuildConfiguration;
			buildSettings = {
				ALWAYS_SEARCH_USER_PATHS = NO;
				CLANG_CXX_LANGUAGE_STANDARD = "gnu++0x";
				CLANG_CXX_LIBRARY = "libc++";
				CLANG_ENABLE_MODULES = YES;
				CLANG_ENABLE_OBJC_ARC = YES;
				CLANG_WARN_BOOL_CONVERSION = YES;
				CLANG_WARN_CONSTANT_CONVERSION = YES;
				CLANG_WARN_DIRECT_OBJC_ISA_USAGE = YES_ERROR;
				CLANG_WARN_EMPTY_BODY = YES;
				CLANG_WARN_ENUM_CONVERSION = YES;
				CLANG_WARN_INT_CONVERSION = YES;
				CLANG_WARN_OBJC_ROOT_CLASS = YES_ERROR;
				CLANG_WARN_UNREACHABLE_CODE = YES;
				CLANG_WARN__DUPLICATE_METHOD_MATCH = YES;
				"CODE_SIGN_IDENTITY[sdk=iphoneos*]" = "iPhone Developer";
				COPY_PHASE_STRIP = NO;
				DEBUG_INFORMATION_FORMAT = "dwarf-with-dsym";
				ENABLE_NS_ASSERTIONS = NO;
				ENABLE_STRICT_OBJC_MSGSEND = YES;
				GCC_C_LANGUAGE_STANDARD = gnu99;
				GCC_NO_COMMON_BLOCKS = YES;
				GCC_WARN_64_TO_32_BIT_CONVERSION = YES;
				GCC_WARN_ABOUT_RETURN_TYPE = YES_ERROR;
				GCC_WARN_UNDECLARED_SELECTOR = YES;
				GCC_WARN_UNINITIALIZED_AUTOS = YES_AGGRESSIVE;
				GCC_WARN_UNUSED_FUNCTION = YES;
				GCC_WARN_UNUSED_VARIABLE = YES;
				IPHONEOS_DEPLOYMENT_TARGET = 9.2;
				MTL_ENABLE_DEBUG_INFO = NO;
				SDKROOT = iphoneos;
				VALIDATE_PRODUCT = YES;
			};
			name = Release;
		};
		1CE290051D196D2B00C1DBE8 /* Debug */ = {
			isa = XCBuildConfiguration;
			buildSettings = {
				ASSETCATALOG_COMPILER_APPICON_NAME = AppIcon;
				INFOPLIST_FILE = "Captain Book/Info.plist";
				LD_RUNPATH_SEARCH_PATHS = "$(inherited) @executable_path/Frameworks";
				PRODUCT_BUNDLE_IDENTIFIER = "com.triforce.Captain-Book";
				PRODUCT_NAME = "$(TARGET_NAME)";
			};
			name = Debug;
		};
		1CE290061D196D2B00C1DBE8 /* Release */ = {
			isa = XCBuildConfiguration;
			buildSettings = {
				ASSETCATALOG_COMPILER_APPICON_NAME = AppIcon;
				INFOPLIST_FILE = "Captain Book/Info.plist";
				LD_RUNPATH_SEARCH_PATHS = "$(inherited) @executable_path/Frameworks";
				PRODUCT_BUNDLE_IDENTIFIER = "com.triforce.Captain-Book";
				PRODUCT_NAME = "$(TARGET_NAME)";
			};
			name = Release;
		};
		1CE290081D196D2B00C1DBE8 /* Debug */ = {
			isa = XCBuildConfiguration;
			buildSettings = {
				BUNDLE_LOADER = "$(TEST_HOST)";
				INFOPLIST_FILE = "Captain BookTests/Info.plist";
				LD_RUNPATH_SEARCH_PATHS = "$(inherited) @executable_path/Frameworks @loader_path/Frameworks";
				PRODUCT_BUNDLE_IDENTIFIER = "com.triforce.Captain-BookTests";
				PRODUCT_NAME = "$(TARGET_NAME)";
				TEST_HOST = "$(BUILT_PRODUCTS_DIR)/Captain Book.app/Captain Book";
			};
			name = Debug;
		};
		1CE290091D196D2B00C1DBE8 /* Release */ = {
			isa = XCBuildConfiguration;
			buildSettings = {
				BUNDLE_LOADER = "$(TEST_HOST)";
				INFOPLIST_FILE = "Captain BookTests/Info.plist";
				LD_RUNPATH_SEARCH_PATHS = "$(inherited) @executable_path/Frameworks @loader_path/Frameworks";
				PRODUCT_BUNDLE_IDENTIFIER = "com.triforce.Captain-BookTests";
				PRODUCT_NAME = "$(TARGET_NAME)";
				TEST_HOST = "$(BUILT_PRODUCTS_DIR)/Captain Book.app/Captain Book";
			};
			name = Release;
		};
		1CE2900B1D196D2B00C1DBE8 /* Debug */ = {
			isa = XCBuildConfiguration;
			buildSettings = {
				INFOPLIST_FILE = "Captain BookUITests/Info.plist";
				LD_RUNPATH_SEARCH_PATHS = "$(inherited) @executable_path/Frameworks @loader_path/Frameworks";
				PRODUCT_BUNDLE_IDENTIFIER = "com.triforce.Captain-BookUITests";
				PRODUCT_NAME = "$(TARGET_NAME)";
				TEST_TARGET_NAME = "Captain Book";
				USES_XCTRUNNER = YES;
			};
			name = Debug;
		};
		1CE2900C1D196D2B00C1DBE8 /* Release */ = {
			isa = XCBuildConfiguration;
			buildSettings = {
				INFOPLIST_FILE = "Captain BookUITests/Info.plist";
				LD_RUNPATH_SEARCH_PATHS = "$(inherited) @executable_path/Frameworks @loader_path/Frameworks";
				PRODUCT_BUNDLE_IDENTIFIER = "com.triforce.Captain-BookUITests";
				PRODUCT_NAME = "$(TARGET_NAME)";
				TEST_TARGET_NAME = "Captain Book";
				USES_XCTRUNNER = YES;
			};
			name = Release;
		};
/* End XCBuildConfiguration section */

/* Begin XCConfigurationList section */
		1CE28FD51D196D2B00C1DBE8 /* Build configuration list for PBXProject "Captain Book" */ = {
			isa = XCConfigurationList;
			buildConfigurations = (
				1CE290021D196D2B00C1DBE8 /* Debug */,
				1CE290031D196D2B00C1DBE8 /* Release */,
			);
			defaultConfigurationIsVisible = 0;
			defaultConfigurationName = Release;
		};
		1CE290041D196D2B00C1DBE8 /* Build configuration list for PBXNativeTarget "Captain Book" */ = {
			isa = XCConfigurationList;
			buildConfigurations = (
				1CE290051D196D2B00C1DBE8 /* Debug */,
				1CE290061D196D2B00C1DBE8 /* Release */,
			);
			defaultConfigurationIsVisible = 0;
		};
		1CE290071D196D2B00C1DBE8 /* Build configuration list for PBXNativeTarget "Captain BookTests" */ = {
			isa = XCConfigurationList;
			buildConfigurations = (
				1CE290081D196D2B00C1DBE8 /* Debug */,
				1CE290091D196D2B00C1DBE8 /* Release */,
			);
			defaultConfigurationIsVisible = 0;
		};
		1CE2900A1D196D2B00C1DBE8 /* Build configuration list for PBXNativeTarget "Captain BookUITests" */ = {
			isa = XCConfigurationList;
			buildConfigurations = (
				1CE2900B1D196D2B00C1DBE8 /* Debug */,
				1CE2900C1D196D2B00C1DBE8 /* Release */,
			);
			defaultConfigurationIsVisible = 0;
		};
/* End XCConfigurationList section */
	};
	rootObject = 1CE28FD21D196D2B00C1DBE8 /* Project object */;
}
